lockVersion: 2.0.0
id: 90d0e465-4638-4110-9f8d-cad0dfd43e38
management:
  docChecksum: 6355a2246c10289d4a289a2b0fc095e4
  docVersion: 1.0.0
  speakeasyVersion: 1.761.1
  generationVersion: 2.879.6
  releaseVersion: 0.0.2
  configChecksum: a03c7995b84dfaa63a2d8a46d01723f5
persistentEdits:
  generation_id: 4e3321a5-4ea6-4288-a1bb-654fcaa679ed
  pristine_commit_hash: 679dd2f64eea1cf215994fed295e769f2b090b40
  pristine_tree_hash: 430d8320423ae83960c9ad365720812aeb4c59dd
features:
  typescript:
    additionalDependencies: 0.1.0
    constsAndDefaults: 0.1.14
    core: 3.26.46
    defaultEnabledRetries: 0.1.0
    devContainers: 2.90.1
    enumUnions: 0.1.0
    envVarSecurityUsage: 0.1.2
    globalSecurity: 2.82.16
    globalSecurityCallbacks: 0.1.0
    globalSecurityFlattening: 0.1.1
    globalServerURLs: 2.83.1
    methodArguments: 0.1.2
    responseFormat: 0.3.0
    retries: 2.83.0
    sdkHooks: 0.4.0
    unions: 2.86.4
    uploadStreams: 0.1.1
trackedFiles:
  .devcontainer/README.md:
    id: b170c0f184ac
    last_write_checksum: sha1:b6564d2a7c8ae764fff6d1b4666dcd787210a000
    pristine_git_object: cdef18c30e383534a868742e1b9148f2670606f9
  .devcontainer/devcontainer.json:
    id: b34062a34eb1
    last_write_checksum: sha1:d0b15193202c961e7d1875864ddb15f9d17c84dd
    pristine_git_object: 4d560dd5f40afaf10d96eb75b1f02cd48bbd640c
  .devcontainer/setup.sh:
    id: 5f1dfbfeb8eb
    last_write_checksum: sha1:5fe3e67ea916d30d4d8d15fb58d6bfc1d12fb28c
    pristine_git_object: 519a0288128a421e15f259589ff3f350a8691887
  .gitattributes:
    id: 24139dae6567
    last_write_checksum: sha1:26d16d8297b104945139da8c25bd38feeaad3e25
    pristine_git_object: 113eead5093c17d43a46159132885318f281a68a
  .npmignore:
    id: aa70c1f807c3
    last_write_checksum: sha1:6572da81f2e7a978ec29c22c2210bf461c5897b2
    pristine_git_object: 670ac0a62d7e568c9d44a14f5deafb8442a255d8
  .oxlintrc.json:
    id: 8b9b571b1983
    last_write_checksum: sha1:f14bd09c455fa2de0d94641369b7888d23ee62f2
    pristine_git_object: 6ee2921010070a544e252596defc55d501e1c1ae
  FUNCTIONS.md:
    id: 21b9df02aaeb
    last_write_checksum: sha1:1fd492cdeeb9e8c1240d6029e112dd8d532b0022
    pristine_git_object: e5dc1eacbbb92cf52c9013361618a4ad3f2eb39e
  RUNTIMES.md:
    id: 620c490847b6
    last_write_checksum: sha1:e45b854f02c357cbcfdb8c3663000e8339e16505
    pristine_git_object: 27731c3b5ace66bedc454ed5acbe15075aacd3dc
  USAGE.md:
    id: 3aed33ce6e6f
    last_write_checksum: sha1:8c4f2373324535cdf13e560075178658f6b106e4
    pristine_git_object: 0d1d0720a1bac170157e458c2c7844b7cd067b18
  docs/lib/utils/retryconfig.md:
    id: 0ce9707cb848
    last_write_checksum: sha1:bc4454e196fcd219f5a78da690375a884f5ed07b
    pristine_git_object: 08f95f4552349360b2c0b01802aa71ec3a55d2c2
  docs/models/create-media-response.md:
    id: f1d529d730fc
    last_write_checksum: sha1:3f17c8bd27738c0d582a42d74332f873e033a635
    pristine_git_object: 48855fb552d035f8f2f67c9d3379d907e982e3dc
  docs/models/create-o-auth-authorization-request.md:
    id: 20a01618ab2a
    last_write_checksum: sha1:2122a584ff750bdcada40ab2ab01d3ce4023838a
    pristine_git_object: 1a49904ddbf24eee6741ac87af8ae24905c509ed
  docs/models/create-o-auth-authorization-response.md:
    id: f5d45c63e470
    last_write_checksum: sha1:439dcc562840673f3eb5bf981dd88177485b33c1
    pristine_git_object: b67697c6d5d6684466c91c5c8ba18d87238ce25a
  docs/models/create-post-failure-code.md:
    id: e2e128063e42
    last_write_checksum: sha1:5ccd0b2e026e4a910c59fa906bd333d4e132cff4
    pristine_git_object: 2760e3d8a672fa0ab2da9711687663c6bfe932d2
  docs/models/create-post-failure-result.md:
    id: c2015cfa2c78
    last_write_checksum: sha1:be0ae19a58f5549d9ae29293311db270e8bec484
    pristine_git_object: 8a493a0645819c81d43c2bd158468e0b1306c078
  docs/models/create-post-item.md:
    id: 0db06dedb61b
    last_write_checksum: sha1:3832258464acd798c3601b6d6f1536ba4a6cc7e9
    pristine_git_object: 1803104d0b00e6c6fa064f625f0580fdc80d0ca6
  docs/models/create-post-result.md:
    id: 63cfe88e0425
    last_write_checksum: sha1:024e0744d95c2ba7c941c6735b5be2c91c50bd03
    pristine_git_object: 8bf65ce4d0a03975676b2aa2005b6c6381a416cd
  docs/models/create-post-success-result.md:
    id: 40aa9d9958a6
    last_write_checksum: sha1:abba5e5b312024e41f39d47e2b0014b5bd5ecbb2
    pristine_git_object: 0352b675bea13453bfdede15853adde8c0408649
  docs/models/create-posts-response.md:
    id: 9cae4cee791e
    last_write_checksum: sha1:9e8d98234ce2d1af2df3b841be716c1e3f67f6c8
    pristine_git_object: 5a65bf6cf721066ae693b503820f666f1549f67f
  docs/models/create-upload-session-request.md:
    id: 6393a1b6270f
    last_write_checksum: sha1:9213cc13ed5f8f06979c129d79013af291b659ca
    pristine_git_object: 734876a9eb029c38cea8f28f26e1c2b289738904
  docs/models/delete-post-failure-code.md:
    id: d6e153eb68c8
    last_write_checksum: sha1:4d96e643faa3b2b04c05a07081dc565de7624692
    pristine_git_object: 1f33857a75e99230f267a6571df4155e648ab8a3
  docs/models/delete-post-failure-result.md:
    id: 4df99b2dec70
    last_write_checksum: sha1:f7afca89570aa22cac2646ff054e7e207dfbb882
    pristine_git_object: aa046a7ac758954681031ff52d1413994ae6f931
  docs/models/delete-post-result.md:
    id: 7548af45b4af
    last_write_checksum: sha1:7dcab5930cc2ca9d0a1cff90c7b79f4d0eaf95de
    pristine_git_object: eb6a862a454c8dc69d11ffbc00595984f1024ca0
  docs/models/delete-post-success-result.md:
    id: e062f99aff23
    last_write_checksum: sha1:a1f00ec00ae402c29fd8bdc9b644faa3deec836b
    pristine_git_object: 5116277e4d43fcc4f5211a95be60ec11fe9b00c0
  docs/models/delete-posts-response.md:
    id: 6728a1d2a412
    last_write_checksum: sha1:b9bf1516578f48f145f7b5e42c94bbedaf1cab59
    pristine_git_object: 4955770d3f2ea7b8714f9a855b77781c77d8351d
  docs/models/delivery-status.md:
    id: f4c9887f2e05
    last_write_checksum: sha1:4183d97b74c4f329873f86d86707bfe4556a9353
    pristine_git_object: f301b4a1d3990e4c7dfd3dc42d54ef837cb45248
  docs/models/facebook-post-type.md:
    id: c19343b61970
    last_write_checksum: sha1:58ce741740c358698fc7af3c506910571d8ddb5c
    pristine_git_object: 93256d3790a732d044d662d4601660b79d43652f
  docs/models/facebook-specifics.md:
    id: 9ded311e3d11
    last_write_checksum: sha1:67421411b336db786c6e58b670265af7153a737a
    pristine_git_object: ad08f70f493f6b154c8f05300fd9e15c4f89ffef
  docs/models/health-response.md:
    id: 76ea3fbe6d66
    last_write_checksum: sha1:10fc8f2c4c1f79ebd2d6e0845f389222417c1c41
    pristine_git_object: 55afdd20e1ca349adae5a6b01924ffba1c01e64e
  docs/models/instagram-post-type.md:
    id: db697ab6cc8b
    last_write_checksum: sha1:40d8d812c94708f3e770947efff53d0633b1bc60
    pristine_git_object: dc275ce69f93ab80ee00812377c6fc8bf856aa20
  docs/models/instagram-specifics.md:
    id: 263b30ab219f
    last_write_checksum: sha1:f0c73803be275c266357056a23bf9937e6bb32eb
    pristine_git_object: e3f2abaca70d22c87801aace57a9f73d7e71eee5
  docs/models/linked-in-pages-specifics.md:
    id: 5096665b1314
    last_write_checksum: sha1:71a05cd9136a11f602e4b7875534e0b0881d0262
    pristine_git_object: 4677d46f48bac1c25a04a556980634e99aad5383
  docs/models/linked-in-specifics.md:
    id: 12ac4de8131f
    last_write_checksum: sha1:2632c8e78e0bc9e538de7338f555fc70ce77b36a
    pristine_git_object: be672fc9e39e24ec5562ffcf835872234b88d6b7
  docs/models/list-posts-request.md:
    id: b1361468e390
    last_write_checksum: sha1:cf1961c9af7a91124c775c5814b9cfd459ca87a3
    pristine_git_object: 9b0c1a1cb78f26de41cabaf08d9518446468bb89
  docs/models/list-posts-response.md:
    id: 61edc5dff679
    last_write_checksum: sha1:a7416be4afd66652ff45e45ed5f3dd7431810ddd
    pristine_git_object: 386cbdaac9ebd9d18a0b3d84d76ccb7ebce92b36
  docs/models/operations/complete-upload-session-request.md:
    id: 5bd9bcbc0764
    last_write_checksum: sha1:1b5d29e2fb34439b94f523d65e4cfc53c3895f64
    pristine_git_object: f8d68aace3674085cd12c23bd64e4096d4eefab5
  docs/models/operations/create-media-request.md:
    id: 1343ddf7a658
    last_write_checksum: sha1:0c479c67999c9ebd2ec2a013ec8233f6cfb7f82f
    pristine_git_object: 3aea291843d2f7d9f2921844020dc81ba6d4ed9d
  docs/models/operations/get-social-account-platform-inputs-request.md:
    id: acb6fc061918
    last_write_checksum: sha1:8255fed5c176a0c3a0dbda976ca13517a6a93502
    pristine_git_object: 129e5648dd11e397a0e368826a886517272e5dbe
  docs/models/operations/get-upload-session-request.md:
    id: 60a870330916
    last_write_checksum: sha1:5e27033afb79a64436770cbbdb6a7cb369902138
    pristine_git_object: 897b8509090e8a1f90f2070a8074178142a68cf7
  docs/models/operations/list-social-accounts-request.md:
    id: 7fbffe460063
    last_write_checksum: sha1:d251834f9511d3710fc64d196ce20445b3758c55
    pristine_git_object: 627fcc2e2aaac99534569ec63b6da51434784e5a
  docs/models/pinterest-account-platform-inputs.md:
    id: e1498d30fd44
    last_write_checksum: sha1:56d795579557d0d18ea2ecee93b028cf67ab957e
    pristine_git_object: 38c669ad05e7a1d8083e7c39deda09d919b8f62e
  docs/models/pinterest-board-option.md:
    id: 22c9d98b92c7
    last_write_checksum: sha1:b51c649f2d5263a6702884e08c42d94cfdfcacf1
    pristine_git_object: 918d520cb7866337d2b06e053054dad316bc6231
  docs/models/pinterest-social-account-platform-specific-inputs.md:
    id: 7f013d28e88f
    last_write_checksum: sha1:f1b47ba5d2177cc2a2fbc23a58da1a907ff40b93
    pristine_git_object: 1654a7057084a65568bd12c321727c50fab9cf77
  docs/models/pinterest-specifics.md:
    id: a1c57ef16968
    last_write_checksum: sha1:34ebeca2f18938c4cc30672f2feb47594144abe6
    pristine_git_object: 87c673f1446864d029063f067e18c525e9233431
  docs/models/platform-specifics.md:
    id: aff5822ef40c
    last_write_checksum: sha1:2d945ecd399ead1af16c75a0cdbb9b7678877174
    pristine_git_object: 975138104dde4c8660f39ede9fabc4897eaa0d3c
  docs/models/post-media.md:
    id: ca741c63098b
    last_write_checksum: sha1:da129ce8a3e81d90296836c3a13eb111588f1727
    pristine_git_object: 9b06a9030d584f243d3276c73f0a5af712cb74fd
  docs/models/post.md:
    id: 6a612582ecd0
    last_write_checksum: sha1:5d3ba7e08427d57364d08b9adf34798c23ddf25a
    pristine_git_object: 0a4dfb546760a1931cdfaa1b0403f12e66975d15
  docs/models/project.md:
    id: 90bdd121a0a9
    last_write_checksum: sha1:5cab1a8e9f2c26e283c59ed1f696754be5bb2fcc
    pristine_git_object: 86d571f3fcd367d91a4d9fc76a6fbeedc21a752e
  docs/models/security.md:
    id: 452e4d4eb67a
    last_write_checksum: sha1:3b87e7db02b433dd9d5a90cacb86cd35523fab4a
    pristine_git_object: 6ae8fa9d657de8cb414ba202a318e9c589837fcb
  docs/models/social-account-platform-inputs.md:
    id: c11a26b22e14
    last_write_checksum: sha1:f159cc1a4daa39af69fc246a25f603fc0190073f
    pristine_git_object: e0d78e92ffcf09a5934c3bd8b7482a3f8e53f133
  docs/models/social-account-platform-specific-inputs.md:
    id: be52bf1364ff
    last_write_checksum: sha1:b0b96791d403f5c8c3cee9c865a20eaa63a9bb15
    pristine_git_object: c84776abbbcdad4f5d251006eac8c44129f605ba
  docs/models/social-account-status.md:
    id: b4b63458e353
    last_write_checksum: sha1:9b2b00723e90aa621f6603d9f5eb758d745696c2
    pristine_git_object: 61e854723671bab936b7f2e3cd43659f4d4e60df
  docs/models/social-account.md:
    id: 47a63bfd7025
    last_write_checksum: sha1:70bfd23220d6918f9ca0965ba2c4ad01d1fcf292
    pristine_git_object: 8af09929027e9217272514d85d77bce3ba6045c1
  docs/models/social-platform.md:
    id: 736ddd3e6a96
    last_write_checksum: sha1:cfaebafb4f6f213308f9930bf466cd76c25b3564
    pristine_git_object: a6ffae8f026ed58d41b3dba5d4a5bd0bd0e78275
  docs/models/tik-tok-account-platform-inputs.md:
    id: 6f668d611801
    last_write_checksum: sha1:7529d5b3499d521dc1253b87d1628f57cb953a18
    pristine_git_object: 7ad50d57c44fa8cf7d4d655866f91b858e602a28
  docs/models/tik-tok-post-type.md:
    id: 9f230f8b31c7
    last_write_checksum: sha1:b778449e4955cec662726fb0fd58faf8643baae5
    pristine_git_object: 27e8ba85e23b4edf2549d02e718524341665d30e
  docs/models/tik-tok-privacy-level.md:
    id: 274c042ae7e5
    last_write_checksum: sha1:0fe90e8c6ed2fc79f22853c0dbae927d34012226
    pristine_git_object: 72ab6f5b9bf107f5b0ea8f29ae28b4ca2f2e8aa4
  docs/models/tik-tok-social-account-platform-specific-inputs.md:
    id: 01a7fd37234f
    last_write_checksum: sha1:68594f52c93b2752f1544c80ee8b7adf555c909e
    pristine_git_object: 3be0427da01b58642d7b43e5750595a46b7bf958
  docs/models/tik-tok-specifics.md:
    id: 3cb2f7b28cb7
    last_write_checksum: sha1:53a1621ed4482a8824a4b99457290cf2ae8d2e0e
    pristine_git_object: 80d9050efc91c871a30e0ffee4c7540c79507ce3
  docs/models/type.md:
    id: 98c32f09b2c8
    last_write_checksum: sha1:06720c64b28b98658f6cace491f83647d8d6e92a
    pristine_git_object: 4b65a07d1b5b84ad7f3fece9455b3fbf98aebf6f
  docs/models/update-post-failure-code.md:
    id: 354e3f69e8b6
    last_write_checksum: sha1:dd7a4851df5e3baac197a5a7eac2abebc1e3049a
    pristine_git_object: 03e9e08cf36369e48f3e6f9909316b5b84044ed4
  docs/models/update-post-failure-result.md:
    id: 05af642cb936
    last_write_checksum: sha1:dcc34fd8f9a980e2e4377bb5c67ee12d3a7cc0ae
    pristine_git_object: 6286b4bdeec4b29e166d9864f9eec6a47b842cfc
  docs/models/update-post-item.md:
    id: bf0810f026b9
    last_write_checksum: sha1:d9c0593512f0621808b2131e40d0b4f34e3faab2
    pristine_git_object: c5801d698b7e953fedd5092d47510bca9c7ea9bf
  docs/models/update-post-result.md:
    id: 50b8dbfd69ce
    last_write_checksum: sha1:308fbc84bdd8e82f6a0f9ce1fd69b4943ca90e56
    pristine_git_object: f2de43fb3bab0a032ee7c99e52bfbe835e333240
  docs/models/update-post-success-result.md:
    id: b42fc1811ad1
    last_write_checksum: sha1:360d01f9d2810f724b57cae6edf64f9661df9991
    pristine_git_object: 7fb0a7896238706ac9a45689dda39a4ebf8f4b9a
  docs/models/update-posts-response.md:
    id: a04589acfe8d
    last_write_checksum: sha1:4f1152575b57b6589645b83ba1049a68730e6234
    pristine_git_object: 9afb98ae5b525972493f6bcfb8515e5585287891
  docs/models/upload-session-part.md:
    id: dd41399a2488
    last_write_checksum: sha1:377ae2d6633e83c3e1edb3f0b1a69852402693a8
    pristine_git_object: 4c8d89486ee3b74206d033a51d3c744f366d4adf
  docs/models/upload-session-status-value.md:
    id: ad99055b0b73
    last_write_checksum: sha1:06dd84e253483e157d6b6828da0ae100503e5ae5
    pristine_git_object: cfb7a0287ba7d8b0332555d41e20fb654c562517
  docs/models/upload-session-status.md:
    id: 47383217b4be
    last_write_checksum: sha1:513ef5e5442e30105868f37f64f3efebbc7b229a
    pristine_git_object: 698960989ed067c117f25ce246c366d84a85a2ea
  docs/models/upload-session.md:
    id: 0aef19a288f4
    last_write_checksum: sha1:5b34fbc56cce2159eb480349c4c411b9f5856996
    pristine_git_object: 6773550d8c561d6e32742ed27b231bf9269e4c96
  docs/models/validation-error.md:
    id: 0622cdd0e56a
    last_write_checksum: sha1:e709440b3afc652e441d0ebef4f9d139c136b250
    pristine_git_object: 19e4e2df5e1bd5750d4db27c327f36d662ab5bf1
  docs/models/validation-field.md:
    id: 5308be9c7db0
    last_write_checksum: sha1:42befdee89001f4fc8733dba664a2a28aabd75d6
    pristine_git_object: e475214398b72becea63c83b321e807d4ae86366
  docs/models/validation-warning.md:
    id: 509e69589071
    last_write_checksum: sha1:3c9468417234dc045a8fca60244c9c759dcdfe4e
    pristine_git_object: 229992c1a2a8c8290c69b69946e59175459b7611
  docs/models/x-specifics.md:
    id: 7723e5799bbd
    last_write_checksum: sha1:001b3dc2aa1fc03fc88e049ce49cc5f806682609
    pristine_git_object: f043b8f169529e47bfdb879a4ec7470d59171cd9
  docs/models/you-tube-privacy.md:
    id: a5d23490b617
    last_write_checksum: sha1:b2bccc55da9868df5a2251dd9fefc7741a4e5d8e
    pristine_git_object: eadbe1b1b81679cd7d913184986ae6f383bd87b5
  docs/models/you-tube-specifics.md:
    id: 68a798499c7a
    last_write_checksum: sha1:fa7af20a01433d20210dd1fec5e6e6c822b95eec
    pristine_git_object: 2c74f2ff5a26eb987594cb3736835d0710aecebf
  docs/sdks/health/README.md:
    id: 5082c50d5e82
    last_write_checksum: sha1:6aaf2423dd2032759a4c4b41b4460142c32002e5
    pristine_git_object: 1f3361685637800749ed23208c8bac78497bcb0a
  docs/sdks/media/README.md:
    id: 23e985927992
    last_write_checksum: sha1:793b0c6c46427214dca8ee364acad469ffbe51ab
    pristine_git_object: d8479de375de3940a4b7ff9cd32d4726fb4bebee
  docs/sdks/posts/README.md:
    id: 688ed1fc5d91
    last_write_checksum: sha1:3e5cba6b56ed5cd739254df15acdbd8faad77994
    pristine_git_object: f9ceb25473a170207b22de3e7aa3fef4e56cfc0e
  docs/sdks/projects/README.md:
    id: 1c5f71754e17
    last_write_checksum: sha1:ebacdc5dea77c18bc18a469d5755465c17dfc5db
    pristine_git_object: 7577f7aae5819061e38680e6830b9cbb0b9a17d2
  docs/sdks/socialaccounts/README.md:
    id: 84fca025b2f8
    last_write_checksum: sha1:d98c7c97a98d4f819ff1eb521a2b577878e77b27
    pristine_git_object: 0e08fbb6f5b41ac04f7036123a8cdf87772065db
  examples/.env.template:
    id: 52cbe5afed92
    last_write_checksum: sha1:06a30a38cf1852d0bf05a91ca6c8be647c7d181c
    pristine_git_object: b3ba9bc076fb898eeb5685d8364aedeb603d5e97
  examples/README.md:
    id: 9d0f69d6e677
    last_write_checksum: sha1:4618bcdbc0508ef9bfb683a063123885c59dd951
    pristine_git_object: 4d2b5ce2fcd5a331268fb04b381794fa0a2f956d
  examples/package.json:
    id: c1d7b0ec8e7e
    last_write_checksum: sha1:ab98c287fc4b6395781da1fa8f971bf3c8b19c94
    pristine_git_object: f0f91d37e86fb6f78c498567fe17c1f604b46120
  examples/postsListPosts.example.ts:
    id: 261a86e3e0fb
    last_write_checksum: sha1:baac8a72c14bb58569119a44edfb60975dae85a1
    pristine_git_object: c6f54b03cd57c906dbf3460313be03e851ba7819
  jsr.json:
    id: 7f6ab7767282
    last_write_checksum: sha1:62bb9428d757b13f135328585bf2dc38445d1eff
    pristine_git_object: 40848185792008ad7f7f903c713ad76c411b07a8
  package.json:
    id: 7030d0b2f71b
    last_write_checksum: sha1:b2951fe5bca9914acdc5e96c3254050c2a21fec3
    pristine_git_object: 5526e4cb7dbda0eacccb516c25dad553940f2edb
  src/core.ts:
    id: f431fdbcd144
    last_write_checksum: sha1:ec603df213ae42ac5da173971107a547ad82cf5a
    pristine_git_object: a7ea8c852fcd7e474a3278eb6ffe9a7c4c5108e3
  src/funcs/health-get-health.ts:
    id: 8597788a70b4
    last_write_checksum: sha1:59bfc8b2fb3fb6817a2ac01c8b51a7d0356f4158
    pristine_git_object: e5acb61c623ca52429d80df478cb07bc767c8d2a
  src/funcs/media-complete-upload-session.ts:
    id: 649f0da31e2c
    last_write_checksum: sha1:7e1ff3ec0b90a342de535c7ceba766481e19b2f8
    pristine_git_object: 0f2dd09d6d13433411fd7ee137544bc12ae85fd0
  src/funcs/media-create-media.ts:
    id: 2ada89d81a89
    last_write_checksum: sha1:d268ba08f26d2c1aaaa6f393395778c4cfb4b1ed
    pristine_git_object: 1fcf71198ba0505ed1350633c66d9bcb081a4826
  src/funcs/media-create-upload-session.ts:
    id: a85f4ff5acaf
    last_write_checksum: sha1:9a4460d6e1772311ed55b492a1d3ca5d427b8523
    pristine_git_object: ba519e0513a2304d804d1e3edf9794dcef60f856
  src/funcs/media-get-upload-session.ts:
    id: 9dd5d0dc3dbc
    last_write_checksum: sha1:9fb813140d2b00b38d642c91ddb69f266f8041bf
    pristine_git_object: 45cb476d7caf6c960a4fd50b930f1413a4571841
  src/funcs/posts-create-posts.ts:
    id: ac58565ec306
    last_write_checksum: sha1:5777f9414e9867e3892e49b475ca10c82e5d9540
    pristine_git_object: 7d9214f0c6bf06c546ec2a6080d73326ea4ec363
  src/funcs/posts-delete-posts.ts:
    id: ad6b4c308d49
    last_write_checksum: sha1:f9feb1732c8951c8e19d499f9d272abbebaa38fa
    pristine_git_object: 0c4763c1bf370942837dc9649b2c32db806d8a08
  src/funcs/posts-list-posts.ts:
    id: 41b9b728b186
    last_write_checksum: sha1:6c06d3eacea6ad053003bf85297953f068bdc6c7
    pristine_git_object: bedf1ba9623a64e12ca7896615ec66848359171d
  src/funcs/posts-update-posts.ts:
    id: dabdbb84329e
    last_write_checksum: sha1:85756ece1075061b6993454b761c8f8d53475f15
    pristine_git_object: 433a39cdbb1a38a7834ae9375d670f59c5fff39a
  src/funcs/projects-list-projects.ts:
    id: 256b69978b6e
    last_write_checksum: sha1:ad0932dcbb731e753a4d9cde8cc1954412cb017f
    pristine_git_object: 3095a5ddbdd3b17ee803bf3a9c95dc52ac0f9f63
  src/funcs/social-accounts-create-o-auth-authorization.ts:
    id: 4b72d774d26a
    last_write_checksum: sha1:cda5a47334b72ffc8613d6dd8bad1a73b3aa8b35
    pristine_git_object: a8393d2ba71049b2223d4d7cbcaa5f645df0ab47
  src/funcs/social-accounts-get-social-account-platform-inputs.ts:
    id: 4a82086a7f02
    last_write_checksum: sha1:02fc5c9006582a42ef4461a79264c5078b3b1be7
    pristine_git_object: 7a0063b1632fa18c7fe1affe362a5677547d7d10
  src/funcs/social-accounts-list-social-accounts.ts:
    id: cda1de390993
    last_write_checksum: sha1:01fc6721378270f76f00bfaea6a50848f84c5fc7
    pristine_git_object: 34dedf9b11107032659989c0a00cab8a49dde9a1
  src/hooks/hooks.ts:
    id: a2463fc6f69b
    last_write_checksum: sha1:3a90d88b4c6c07247db8e5f6441a79538232394e
    pristine_git_object: 94ad0a323123b34dc638717c5d67a3c23c54d5c6
  src/hooks/index.ts:
    id: 5f2dab62b520
    last_write_checksum: sha1:1a11c073a6cd792932218e1d4ed36b8567bad8ef
    pristine_git_object: f60ec7acd76141a71d78008c5a362eb0236d8335
  src/hooks/types.ts:
    id: 2a02d86ec24f
    last_write_checksum: sha1:27a3444c4839bec58ae89820fd8c2483edafc3f4
    pristine_git_object: 9c36bf01332084f735909a71036c3544cc4c7e3a
  src/index.ts:
    id: c5fb850250c7
    last_write_checksum: sha1:35c9cde3ae14b18b3f893a1afe8b6c44f8760f24
    pristine_git_object: dbcba164a0082e3bb8c43cf21fa7f8ffb9d35dfc
  src/lib/base64.ts:
    id: "598522066688"
    last_write_checksum: sha1:8c94164f2f78e6041c853186fa01f659591f5913
    pristine_git_object: 44be0eae8246521b230e8e711a88eff738fc015d
  src/lib/config.ts:
    id: 320761608fb3
    last_write_checksum: sha1:05cb9b91254a9d241fa7a49f9bde586ae2856aa3
    pristine_git_object: d6dc79860020d3f51fa92466b5bfba9de1be663a
  src/lib/dlv.ts:
    id: b1988214835a
    last_write_checksum: sha1:1dd3e3fbb4550c4bf31f5ef997faff355d6f3250
    pristine_git_object: e81091f5e536f82739f71379b1fddc2d147c49e2
  src/lib/encodings.ts:
    id: 3bd8ead98afd
    last_write_checksum: sha1:b48cffc0f56fc00e869370f4aa8213f31bf61d8b
    pristine_git_object: be115d7726c292f8a415045959372f6d46171278
  src/lib/env.ts:
    id: c52972a3b198
    last_write_checksum: sha1:841f901b83601e6d31a748652d76323f7f93ceb2
    pristine_git_object: 6b7ba0357ce46b951ae3068ac73a9c37462cc4d4
  src/lib/files.ts:
    id: e5efa54fcb95
    last_write_checksum: sha1:795c14026405d547bfc47012f7ad9666e530fa7f
    pristine_git_object: 6ca6b37d35a12448da176ee2517cc036db12c81c
  src/lib/http.ts:
    id: 63a80782d37e
    last_write_checksum: sha1:797cbf16d3c7c4d62d3ba0eedb08617524938457
    pristine_git_object: 13cf1fd7894a89f727b8d2db2ad24313a94f68c7
  src/lib/is-plain-object.ts:
    id: b9862591096a
    last_write_checksum: sha1:df687f25a9590b6fd95d39df41a652ae3fd4e517
    pristine_git_object: 61070d3d7c7e5e95b1ed7e7ea21869eb0767db77
  src/lib/logger.ts:
    id: 7ee7741a02bf
    last_write_checksum: sha1:0ec9d3a2a34c362746b767e4f9a746c055d57a7b
    pristine_git_object: d181f2937d4128afbe9b0327e0f81d1fa9c877b7
  src/lib/matchers.ts:
    id: d54b2253b719
    last_write_checksum: sha1:dffbde26db47358a753b69eaaaab02123350393d
    pristine_git_object: cdd5bdc5037b36b827d9ceb201e210b246363603
  src/lib/primitives.ts:
    id: 74859f750b28
    last_write_checksum: sha1:987869fc54790b9c22e9182099103d6aa7c67016
    pristine_git_object: d21f1dc49affa4e6d324bdd60811b470fdfa7eb6
  src/lib/retries.ts:
    id: b24a69d15639
    last_write_checksum: sha1:f3da74dffcbe2756c69393f8600205aa1dc06e68
    pristine_git_object: e3ce9aba72150fc3c18f3105d39b21aba809377b
  src/lib/schemas.ts:
    id: deb4b531fae1
    last_write_checksum: sha1:b4b5fd22340ebd5b2914ee7b177c797b28fba7ef
    pristine_git_object: cf280491bf54dbd4d78e5c071c3b85cf5ca9e35e
  src/lib/sdks.ts:
    id: 8a6d91f1218d
    last_write_checksum: sha1:b9c4bb87c282c284d4b5021538cd8295cd4f814e
    pristine_git_object: 04e506adc5ce0507b4d8f8f4dcd721f7a640815c
  src/lib/security.ts:
    id: 0502afa7922e
    last_write_checksum: sha1:24ca23ed7d61bce4235d02d5c4d1242adfcf77ce
    pristine_git_object: 368eff7e1a183af0cf473d7de2ec88759e8c545c
  src/lib/url.ts:
    id: b0057e24ed76
    last_write_checksum: sha1:3bceadd74bf0b31adf13eb06b7531077c3e07d65
    pristine_git_object: 79e7ce660b3732053e3adcbb5a4cdeb51496e8aa
  src/models/create-media-response.ts:
    id: 56a090d8e25e
    last_write_checksum: sha1:dc59062d883ddf748a86a7df3a58853101c94e51
    pristine_git_object: 344ea893d9f76eddd47cff0b777aab80f2abaa18
  src/models/create-o-auth-authorization-request.ts:
    id: c9b033eabb98
    last_write_checksum: sha1:101eaaeb2e6c241ce0e4ce425989d3e265fcba46
    pristine_git_object: ab420a4ba92a98247fda4002e1b675585fe8f81b
  src/models/create-o-auth-authorization-response.ts:
    id: 6452cb5eb484
    last_write_checksum: sha1:d01a45f6311be4fcf3e6c92c4a7d6736825430fe
    pristine_git_object: 2fe2acf70737ed455d1586e32401efaddf3f5d7f
  src/models/create-post-failure-code.ts:
    id: 086860f5cc90
    last_write_checksum: sha1:646b0276abf9f2cdd9294cd9c4a73a104b7892de
    pristine_git_object: d28b8ecd4cfde8150fb3b2dba9f8eddeaf3a9f03
  src/models/create-post-failure-result.ts:
    id: dccef1d67cce
    last_write_checksum: sha1:b56a95e4f35933f5b8b57c3a5a3b66f205d47cfe
    pristine_git_object: 23e3a89c9cb5870d237e6e8851ca6dcc6c7c11f5
  src/models/create-post-item.ts:
    id: b1aa9b91d04b
    last_write_checksum: sha1:b6104bf5a856e99415e2a3f1102e280da9c2eec2
    pristine_git_object: c028a166d37ce35bf9fc73cd1735c35a10dcf622
  src/models/create-post-result.ts:
    id: 8dfa25bc6432
    last_write_checksum: sha1:65edfd30693e33555fb92b2bd826df9042fa0d0e
    pristine_git_object: 97e9405b7828a3a546912779a4737ad36114eed6
  src/models/create-post-success-result.ts:
    id: 48e4b7afdcfd
    last_write_checksum: sha1:328649ecd3c9cc8859798fd3ad9986959f1ec36d
    pristine_git_object: 4d906cf42f08913b64970407b6aaa2f95ea6b3e3
  src/models/create-posts-response.ts:
    id: 6b74265f41fa
    last_write_checksum: sha1:5664e4dec0dd56c6558e03bd6e270b7927e5b0e6
    pristine_git_object: fea22051d8743718e8c47987b1a3a2117012c58e
  src/models/create-upload-session-request.ts:
    id: 2e8d5cdc6e17
    last_write_checksum: sha1:015c40dc44aa50901ca437571ce3d257fb56e220
    pristine_git_object: fee7c84087efef4ba55ab53ad13cf0b9ba480e2e
  src/models/delete-post-failure-code.ts:
    id: ffffc7f9ac6f
    last_write_checksum: sha1:4479fe85d47b58333433c1dbd21d96bb1c09be4d
    pristine_git_object: 1cd5366eafdcd6bb5ea57df391c5b314c82b37d3
  src/models/delete-post-failure-result.ts:
    id: e809f9b0fff1
    last_write_checksum: sha1:774002e35435b90fd5b843a1dc56c86a78d1f34c
    pristine_git_object: b0968da1bf0d94ddbed8ee283a1c4e7e764fc605
  src/models/delete-post-result.ts:
    id: 8f0e8962cd22
    last_write_checksum: sha1:5d404f19b317cb318182a96307bd5d97c5dae4c5
    pristine_git_object: fe96bc2f7a3cc5f2f4573fb5fb6e60461766684b
  src/models/delete-post-success-result.ts:
    id: 35dd45480514
    last_write_checksum: sha1:9391e2cc0f0b86c4c1268836f1afbfb4ce913032
    pristine_git_object: 5463fd83a49554dfa23cb7c54ed49111a3f2458d
  src/models/delete-posts-response.ts:
    id: 5c31dde144bb
    last_write_checksum: sha1:b0a6587839e2405758b8db6d50d552fe5668547d
    pristine_git_object: b8ca5954dc46a6adee9041a1b394db881b238cfd
  src/models/delivery-status.ts:
    id: eceea78e2915
    last_write_checksum: sha1:ab63ed8549ca5e97b536488ea2e341f0993ffba4
    pristine_git_object: bef2a0bbe949e755a5b208895b926e22e49c5dae
  src/models/errors/http-client-errors.ts:
    id: 08390231aab8
    last_write_checksum: sha1:994ced121c54fecd0af038ccfb7855fbfd3868ec
    pristine_git_object: b34f612124c797c2a1106b9735708f679a90b74f
  src/models/errors/index.ts:
    id: c4e22507cb83
    last_write_checksum: sha1:fcb4d11525256e00d366da831259d9ebcc5e08fc
    pristine_git_object: 88245bfcf6cb6b208ae8aa00f605ea353122ba1d
  src/models/errors/response-validation-error.ts:
    id: a6ce701a9571
    last_write_checksum: sha1:74c054d5f8ff143913b52b17be50bee97b3767d5
    pristine_git_object: 9ffa2d4be3ee0977e98bccbe8665de56972c302b
  src/models/errors/sdk-validation-error.ts:
    id: 9b17e7ef247f
    last_write_checksum: sha1:92771987c251f02fd86cfd824a3be709cd3c2837
    pristine_git_object: db00022e05d55600252f401eb0e6ab46278e0b07
  src/models/errors/woop-social-default-error.ts:
    id: 21f50e9fccac
    last_write_checksum: sha1:6acd32fe04c11da9fa9d781debe944fc883cbf6f
    pristine_git_object: 6c99ad6d217b9ee36e6770e3f465dfe47159e25e
  src/models/errors/woop-social-error.ts:
    id: 9b6a12b393d6
    last_write_checksum: sha1:fb1303d059d577e20c7d166667e22c262cdd3960
    pristine_git_object: 8fb0f01a2704e98c81a836c1728f7439207af963
  src/models/facebook-post-type.ts:
    id: 47e1d11d2eea
    last_write_checksum: sha1:20612cd89b00da460276969ec25bd0c335970713
    pristine_git_object: e3d09b6fa8aa6499539432f6fca6bc4c930374a4
  src/models/facebook-specifics.ts:
    id: 87fd8d81aa85
    last_write_checksum: sha1:a00fa7d76f5881ede6eb467ca8645f8a710e7be8
    pristine_git_object: 30e9e6e15d29d8051830fc9bfa7876e7d1d5d301
  src/models/health-response.ts:
    id: b46db3da75f9
    last_write_checksum: sha1:ccab5faf68f343adabbced54cb3478d997906c19
    pristine_git_object: bc5478d0b31f8e48ebce02d6faa12e5e2c216b5c
  src/models/index.ts:
    id: f93644b0f37e
    last_write_checksum: sha1:2a48be3e9e98f2482dab3eef685d1087c38dbb53
    pristine_git_object: 02921bf5c91df5d1f0cc569e9b08b7ae30460dab
  src/models/instagram-post-type.ts:
    id: ef49a873ff56
    last_write_checksum: sha1:377a838200619535dbdb37bc66b24fbf80bd58e0
    pristine_git_object: 0acb9729615a3726c679dbd7a8d898409671dd28
  src/models/instagram-specifics.ts:
    id: f094fedd83e0
    last_write_checksum: sha1:f2217bb19437621226ea5198c8e74fe03c38e0cf
    pristine_git_object: 6396858352b5cebf1201567a9b68492415db730c
  src/models/linked-in-pages-specifics.ts:
    id: e2088cde8c6e
    last_write_checksum: sha1:4b8b5b8e66ea0963fe892a1bcbb2c00299702e07
    pristine_git_object: d0be0b85306597dd1f8d995cd3608bf0dcde0910
  src/models/linked-in-specifics.ts:
    id: 0dcf7550ace1
    last_write_checksum: sha1:21249aaa0ac0cf05e54ffd6a8ee34ce361ba912c
    pristine_git_object: bd12260bc45ef3081ce266fb806dedc16aeecd79
  src/models/list-posts-request.ts:
    id: 969b0e9b3f93
    last_write_checksum: sha1:20f8060eb8901521bf2e0448891684095d54f684
    pristine_git_object: 04119edc371c49e225e3f7a296818f19433d45a3
  src/models/list-posts-response.ts:
    id: 45fbdad1405c
    last_write_checksum: sha1:bc893c61ee1ee0d7c89c6778e10ac85299611f1c
    pristine_git_object: 5f663c30bc8262332603cbdc0aad651cddad9c7c
  src/models/operations/complete-upload-session.ts:
    id: 2f994ca50d17
    last_write_checksum: sha1:1b99ec871fa5bd8ab4e90746e1fdd230658ab712
    pristine_git_object: 077a39de96b255a684db6cf96b4a2e2b71bd14d7
  src/models/operations/create-media.ts:
    id: 229c32a66c2b
    last_write_checksum: sha1:6a40ff1ec62803504c51fcbd9f9b5a7c8f0efbd4
    pristine_git_object: b67019fd1d98cd4d44c5ee3887672f429e0cfe5c
  src/models/operations/get-social-account-platform-inputs.ts:
    id: b7432a1a4282
    last_write_checksum: sha1:d099435d4bd36f90df4b1c6ff31483f9a9b81a80
    pristine_git_object: c5aad2488419d2fe6c892fd00ca66f004b7482e9
  src/models/operations/get-upload-session.ts:
    id: 95ccb862302d
    last_write_checksum: sha1:1b3c6baf6899b94adbcdc78cd1697ba79aea97af
    pristine_git_object: a8a360afba28bbab44a8cc13485c9c49a5c4562b
  src/models/operations/index.ts:
    id: 0d9ffaf774d2
    last_write_checksum: sha1:1391847f440424781fed1a0a1ca7d7b2d34e7db2
    pristine_git_object: bdfafa1134cd268e5a7ec751cc87d0d66af9374a
  src/models/operations/list-social-accounts.ts:
    id: aa308ca073e6
    last_write_checksum: sha1:4e13d2c3f155fff4e1e02fca6a3d77c3275727d8
    pristine_git_object: 2aa186cd7a1ffeb18f6a40b9cbfbca08399cf4e0
  src/models/pinterest-account-platform-inputs.ts:
    id: 5b18d80b8af5
    last_write_checksum: sha1:7435825b6b2a7036c90872c6658fdac8c199d837
    pristine_git_object: e9a8a5a98192c3aa0badc89aabaef378a930fead
  src/models/pinterest-board-option.ts:
    id: ef9a3319bc92
    last_write_checksum: sha1:264199b89a1ef5c3c79d15b9187bd83aac3317ab
    pristine_git_object: 121e9d01245a048bd7809326d55ad729b73ddfce
  src/models/pinterest-social-account-platform-specific-inputs.ts:
    id: 2d5aadfeffd9
    last_write_checksum: sha1:1c1ce2dfcaac18a0b99b29a942b855579bef2637
    pristine_git_object: 6dba102c7216bd0f5015ea937e0277924de6aea2
  src/models/pinterest-specifics.ts:
    id: ceda51fdb24c
    last_write_checksum: sha1:2779c7fcfafc86b889c5e44e9c3403d4c9c37a85
    pristine_git_object: 83503e0b38ed15a9bf45e217b35c3f719405fa6b
  src/models/platform-specifics.ts:
    id: 2d256872b214
    last_write_checksum: sha1:62ed285fba7d6799a39b924ae1605a23d2dec905
    pristine_git_object: ceeebc1f067f7225bbf1f4aa2bbe42b19576a9f9
  src/models/post-media.ts:
    id: f247aa76e781
    last_write_checksum: sha1:8d54c4d4c21febebe660de0fd4f8bee678a33d4c
    pristine_git_object: 468a0069cf87c65e4cfd7d9d95092daa007314e2
  src/models/post.ts:
    id: b3a3adebd438
    last_write_checksum: sha1:07894caa536134ec241c113606bfc148037db8e5
    pristine_git_object: b111e09f01a7602520e1a7dde36204ecd4ec5f5b
  src/models/project.ts:
    id: 6d341934d773
    last_write_checksum: sha1:ef41c06f79f8b5aeea133b63c458dc5d1ab1925f
    pristine_git_object: d2b907c7e8215754854366b7e99be2d916063a9c
  src/models/security.ts:
    id: d90c6c784ca5
    last_write_checksum: sha1:6c4a5e24407a47690dd025f130693bb2354fea11
    pristine_git_object: 40d121d43969420e156c15c1e7b1fb774d1b6b17
  src/models/social-account-platform-inputs.ts:
    id: 05fe976d62df
    last_write_checksum: sha1:4cbfd9c7cfebbd9d368266d65997f0693fcab596
    pristine_git_object: fe913cb5102e661e6cfe9471d09ab86cc35550c8
  src/models/social-account-platform-specific-inputs.ts:
    id: e1839ff7f9e8
    last_write_checksum: sha1:786ca27b1e257c38a5546386b05b000fbb484a08
    pristine_git_object: e5aa282a561a009223b457ed51cf13ac7999b5bc
  src/models/social-account-status.ts:
    id: 90103741f487
    last_write_checksum: sha1:2f3cc73beda41db5646b51a1ccfb23f50c939892
    pristine_git_object: 39b59b137a1f9219153dccecb0315aa5b52b5b78
  src/models/social-account.ts:
    id: 28fd29416206
    last_write_checksum: sha1:746636e88e2010e47b70f189c1d7efb8dcc6182f
    pristine_git_object: 5ae3c50bd7d663c95affcd8a73a50ebc29fa729d
  src/models/social-platform.ts:
    id: a5d3fcfc711b
    last_write_checksum: sha1:0ed1b351e4abfab523fd85167289387bff7f2c1c
    pristine_git_object: 062e4390d5e93e896ad843b11a0cf714fddedd54
  src/models/tik-tok-account-platform-inputs.ts:
    id: 76c87a1616a8
    last_write_checksum: sha1:301aa737b93ee27d03e91fca876d0b3aa3b50d7a
    pristine_git_object: a0e102513a02dc3fa72ed559a4731104d4315f00
  src/models/tik-tok-post-type.ts:
    id: 890661d68d53
    last_write_checksum: sha1:b8af55e2e7a568458921a6e5f1115c7c93c148b6
    pristine_git_object: 44704ecf9245587dfcdd00c965b3a1868c317569
  src/models/tik-tok-privacy-level.ts:
    id: a3fc411068bb
    last_write_checksum: sha1:46f3fa751511a5ef80f58377e4f302c9069d22df
    pristine_git_object: 9ff6da15ed2d24ab2cbb45a8174a63b64c0e0da9
  src/models/tik-tok-social-account-platform-specific-inputs.ts:
    id: bb39721421dc
    last_write_checksum: sha1:ccfb887b5ccc43e1853ff40524c2ccfd2531e604
    pristine_git_object: 368faa990874f719a13e2a0ed4a55d20fff112f3
  src/models/tik-tok-specifics.ts:
    id: 51e255ce3464
    last_write_checksum: sha1:8ad1923576c11dbc855ea84fe12a49a2aea02345
    pristine_git_object: d6ad10937eaeab06d5dae28fe42792598cf3ec65
  src/models/update-post-failure-code.ts:
    id: 318d14840101
    last_write_checksum: sha1:2dd10d0fbfaada9667e5578016b77a00850ffd4d
    pristine_git_object: 0626f3e3ace53c5bef862670f3f73fb027b0bccc
  src/models/update-post-failure-result.ts:
    id: 9b687f301984
    last_write_checksum: sha1:4e87c19e749659a32460ddc748dc20aee5002cc3
    pristine_git_object: 4cc58e4b42f6db4ce55f6a1679dcdfa7e2e21c08
  src/models/update-post-item.ts:
    id: 91ea3f92db26
    last_write_checksum: sha1:cb16097e81c52d67cbeaebf84e4ebd02071496ef
    pristine_git_object: ca61f5420dba077da1af46bdea7afd0ee94bf947
  src/models/update-post-result.ts:
    id: cc18b5a4a6bc
    last_write_checksum: sha1:139fd5fcb4126face14a00e4fcc4cde0ee2e57c7
    pristine_git_object: 9b0106bb90be68722188f35216eeb932ebd64595
  src/models/update-post-success-result.ts:
    id: 043ec47e1af2
    last_write_checksum: sha1:c36ce82ee05fa4f07da0bc47c21139a3676cf818
    pristine_git_object: 2839605b64239ed36b2878c4ee0fa97f3a502d69
  src/models/update-posts-response.ts:
    id: 5c8e69b138e0
    last_write_checksum: sha1:4633f54776649b80584cc1ac3a992e751e4eb433
    pristine_git_object: f8c62ff716f883f5362e93f946ed3593f66b8ead
  src/models/upload-session-part.ts:
    id: 293a55a71a8b
    last_write_checksum: sha1:96dd3142a47767d569edeedeeefed395939c70d2
    pristine_git_object: ce226d8ee389c3894419e559ff38ab92d7333f54
  src/models/upload-session-status-value.ts:
    id: a0f968bf2948
    last_write_checksum: sha1:0496a7831a81822b61d4aeb84c54db6446644290
    pristine_git_object: e10f25683c188c0537d3fb62460d883a68fa7dd5
  src/models/upload-session-status.ts:
    id: 914f19fff692
    last_write_checksum: sha1:cb85d9e65bc8ff6577b420d8de0291a01f187a19
    pristine_git_object: 8f647bb53f9d94970c586db5d037d361140053bd
  src/models/upload-session.ts:
    id: c879ff64bfdd
    last_write_checksum: sha1:9761654f97b4249849ee0f0c15b9bf106bed8be8
    pristine_git_object: 0a303738a93224ffedfdf59c8f93f9dae55e572e
  src/models/validation-error.ts:
    id: b588017684bc
    last_write_checksum: sha1:ee94a5199d5bb35ee6208be859fc7f81657c94a1
    pristine_git_object: 09a6a53ae86e7ca65d4be802a62efdb820e2a10f
  src/models/validation-field.ts:
    id: 8f50b0d261ef
    last_write_checksum: sha1:3e0c9cca52bfe36e960908764629cec8a6dc45ac
    pristine_git_object: 1a9c77871dc3813a1d2c492ac105e2bab7a35755
  src/models/validation-warning.ts:
    id: 14bdb3d8316b
    last_write_checksum: sha1:77310c1b592bc0679e7984e602db7315857f0bd4
    pristine_git_object: d64f75a942b8c5dc1cf091d4c9692c83b488160b
  src/models/x-specifics.ts:
    id: d902ed72499c
    last_write_checksum: sha1:e33aece28c258ce48dba9f2a4bc14e80f8556a87
    pristine_git_object: fda8964a863bb4d01deb583ebd455113422fd0dc
  src/models/you-tube-privacy.ts:
    id: b1ab1ff47a5e
    last_write_checksum: sha1:0b5d13aa697fd27ed76caae5582479b97f02f71f
    pristine_git_object: 401d3ddfaa620aef1b7cb5db47749311e38443b6
  src/models/you-tube-specifics.ts:
    id: eb0f456d8b10
    last_write_checksum: sha1:449097ad0b65078326d21eb2101dd17bd521a618
    pristine_git_object: da68a3d59ab819a131e8c5f8bb1f2587c7c512a8
  src/sdk/health.ts:
    id: d2e0a0845caf
    last_write_checksum: sha1:7daed43ab1a250a6542879d0e6b146922623bb95
    pristine_git_object: 411984f05026fee5960a3d9262f9d08e192390be
  src/sdk/index.ts:
    id: a857902a703f
    last_write_checksum: sha1:ed6d64f2a6135349aa8498b8d8cff9ba85c7fb8f
    pristine_git_object: ecac2264817bb369ff2dbf0f0e9029807e67ff77
  src/sdk/media.ts:
    id: e591d523b9e9
    last_write_checksum: sha1:5094278a4d0da44c0283ba3e11aa77b07179fda2
    pristine_git_object: dbd380e56c0b00b342fcf766ca3e675341e5c654
  src/sdk/posts.ts:
    id: 6787631da7f6
    last_write_checksum: sha1:c73cd7e22dddfe982a45a4881c3cd17fc288253e
    pristine_git_object: 563639af6d2fa8ca7daa28b19fda05c83b813093
  src/sdk/projects.ts:
    id: 28088373a118
    last_write_checksum: sha1:a38c7fb8e958778c5da49ff9828e983991a5eeb3
    pristine_git_object: a14370ca2bc5de18f98f61f486a6894fc65fe182
  src/sdk/sdk.ts:
    id: 784571af2f69
    last_write_checksum: sha1:588c6b8d688dc588552c120d1c5fab19c0525291
    pristine_git_object: c1c6ce5a8273cfab33ee7d9426cf21d2a3493dd5
  src/sdk/social-accounts.ts:
    id: 0b57cae79d4b
    last_write_checksum: sha1:edf3126d06f11d445875c0dbc8f408e46a5a6456
    pristine_git_object: b949a0cdb86e4068ad1adb6f5d6d1f22a92599be
  src/types/async.ts:
    id: fac8da972f86
    last_write_checksum: sha1:3ff07b3feaf390ec1aeb18ff938e139c6c4a9585
    pristine_git_object: 689dba5de50e8769e5f3bb913e3f42a146d15bc1
  src/types/blobs.ts:
    id: f8ab9b326c86
    last_write_checksum: sha1:fd681458b532138913c372b05b3e16407abaa7a1
    pristine_git_object: 3deb988d444f7d202eda723492d7c1d76c5c208d
  src/types/const-date-time.ts:
    id: b3487d7170f2
    last_write_checksum: sha1:ce05316b31b373401875d5e962d63d2422e09cf2
    pristine_git_object: 586ee46aa2273cdf680bb542b4ef5dd953a48a08
  src/types/default-to-zero-value.ts:
    id: 6e0f763ae8c8
    last_write_checksum: sha1:2820c0bc8e71d475e79cc6b6947ca18d93f6310c
    pristine_git_object: c4cad53db08687649a55c711c4f4b3a29f7b7d24
  src/types/discriminated-union.ts:
    id: ac1bf11344f7
    last_write_checksum: sha1:06d1dfd89ad24e907e2ba49ea8d73ce48f3d486f
    pristine_git_object: f41a6ac1571aee5c69b524359c7f5f786820aaee
  src/types/enums.ts:
    id: 4d03ddfe5100
    last_write_checksum: sha1:d7d0ffad0c128a11c5feb1f0ae8f3b507ee03c14
    pristine_git_object: a523bdde4b5b8144cf26414e32fc2319f2c466fa
  src/types/fp.ts:
    id: ae9f0fb8aab6
    last_write_checksum: sha1:d24994d58f37a1ca106847fcc6d2e976c6f1c093
    pristine_git_object: ccbe51eac69dfb0da5131f14fd753c4b47c1d527
  src/types/index.ts:
    id: cd7a0a5ed005
    last_write_checksum: sha1:a591fec0ad2231615101ebb6a95cc4d043733a6c
    pristine_git_object: d75cb43bf5811991f96203650c264af2b4c78b41
  src/types/operations.ts:
    id: 314da01dca47
    last_write_checksum: sha1:c49e724cfb1259296381cb57bc0fcdd2eae45865
    pristine_git_object: beb81e10f0b9eee2ed398a853fe6f737b743f818
  src/types/primitives.ts:
    id: 0cd7f4ac625d
    last_write_checksum: sha1:7bdf6c790bdbcb8e369088557c42878f5270a701
    pristine_git_object: 6180991492b8b6afccb3bb808010d4a15823168f
  src/types/rfcdate.ts:
    id: 9eb64906dcd6
    last_write_checksum: sha1:8e5f382e02fe21c2f2e24deb1b7bbf8cddd3dd16
    pristine_git_object: c79b3f53a3dd922aa2ace5a4191c8652cf9a8e89
  src/types/smart-union.ts:
    id: 2e3af2ad4ea7
    last_write_checksum: sha1:22fe9063528cadf94640a776df4cf762e2b681e0
    pristine_git_object: 4809527f774cde50ea4153a9a56c1c0929906d0f
  src/types/streams.ts:
    id: f99be9c4bf14
    last_write_checksum: sha1:cc9ced2dd34a76c3a1bd7784ccda1cc3b37ab9a9
    pristine_git_object: a0163e7a99cea88f21d0ad4ce3af1c720180ee20
  src/types/unrecognized.ts:
    id: 476605c40716
    last_write_checksum: sha1:d33ac686528492f4cdc0dbf81ed343b4afe020fe
    pristine_git_object: b7a2a13f3dff50663429df24ae2f55b647ff1084
  tsconfig.json:
    id: 61ebb9fd6e8c
    last_write_checksum: sha1:4f9c4daf3281a9be06591b2814e5bbcf98b5c803
    pristine_git_object: e6cd950ad724815ee1ed48ef2e52389cbd3a9143
examples:
  listPosts:
    speakeasy-default-list-posts:
      responses:
        "200":
          application/json: {"posts": []}
  deletePosts:
    speakeasy-default-delete-posts:
      requestBody:
        application/json: ["<value 1>", "<value 2>"]
      responses:
        "200":
          application/json: {"results": []}
  createPosts:
    speakeasy-default-create-posts:
      requestBody:
        application/json: [{"idempotencyKey": "<value>", "projectId": "<id>", "socialAccountId": "<id>", "scheduledForUTC": "2026-09-06T03:53:11.539Z", "platformSpecifics": {"platform": "LINKEDIN_PAGES"}}]
      responses:
        "200":
          application/json: {"results": [{"status": "SUCCESS", "idempotencyKey": "<value>", "id": "<id>", "validationWarnings": [{"field": "TIKTOK_PRIVACY_LEVEL", "message": "<value>"}]}]}
  updatePosts:
    speakeasy-default-update-posts:
      requestBody:
        application/json: []
      responses:
        "200":
          application/json: {"results": []}
  listProjects:
    speakeasy-default-list-projects:
      responses:
        "200":
          application/json: [{"id": "<id>", "name": "<value>"}]
  createOAuthAuthorization:
    speakeasy-default-create-O-auth-authorization:
      requestBody:
        application/json: {"projectId": "<id>", "platform": "YOUTUBE"}
      responses:
        "200":
          application/json: {"url": "https://mammoth-makeover.biz"}
  listSocialAccounts:
    speakeasy-default-list-social-accounts:
      responses:
        "200":
          application/json: [{"id": "<id>", "platform": "X", "username": "Leonora.Pollich86", "imageUrl": "https://kosher-ectoderm.com", "status": "DISCONNECTED"}]
  getSocialAccountPlatformInputs:
    speakeasy-default-get-social-account-platform-inputs:
      parameters:
        path:
          socialAccountId: "<id>"
      responses:
        "200":
          application/json: {"socialAccountId": "<id>", "platform": "PINTEREST", "platformSpecificInputs": {"platform": "TIKTOK", "tiktok": {"privacyLevelOptions": [], "commentDisabled": true, "duetDisabled": false, "stitchDisabled": true, "maxVideoPostDurationSec": 103390}}}
  createMedia:
    speakeasy-default-create-media:
      parameters:
        query:
          projectId: "<id>"
      requestBody:
        application/octet-stream: "x-file: example.file"
      responses:
        "200":
          application/json: {"mediaId": "<id>"}
  createUploadSession:
    speakeasy-default-create-upload-session:
      requestBody:
        application/json: {"projectId": "<id>", "fileSizeInBytes": 793468}
      responses:
        "200":
          application/json: {"uploadSessionId": "<id>", "partSizeInBytes": 193941, "partCount": 386921, "expiresAt": "2024-10-27T08:45:12.940Z", "parts": []}
  getUploadSession:
    speakeasy-default-get-upload-session:
      parameters:
        path:
          uploadSessionId: "<id>"
      responses:
        "200":
          application/json: {"uploadSessionId": "<id>", "status": "FAILED"}
  completeUploadSession:
    speakeasy-default-complete-upload-session:
      parameters:
        path:
          uploadSessionId: "<id>"
      responses:
        "200":
          application/json: {"uploadSessionId": "<id>", "status": "ABORTED"}
  getHealth:
    speakeasy-default-get-health:
      responses:
        "200":
          application/json: {"message": "Hello from WoopSocial API", "timestampUTC": "2026-03-28T09:30:26.123Z", "version": "v1"}
examplesVersion: 1.0.2
