speakeasyVersion: 1.761.1
sources:
    WoopSocial API:
        sourceNamespace: woop-social-api
        sourceRevisionDigest: sha256:578b0abcbf34fa49df5df1a63d5ee307cdf4bec71f11ff2371ec9804d4be1bd0
        sourceBlobDigest: sha256:02dc07665f99557aa35aefca2c40e6641552c6e2982045edc762cb14ea4e1e06
        tags:
            - latest
            - 1.0.0
targets:
    woop-social:
        source: WoopSocial API
        sourceNamespace: woop-social-api
        sourceRevisionDigest: sha256:578b0abcbf34fa49df5df1a63d5ee307cdf4bec71f11ff2371ec9804d4be1bd0
        sourceBlobDigest: sha256:02dc07665f99557aa35aefca2c40e6641552c6e2982045edc762cb14ea4e1e06
        codeSamplesNamespace: woop-social-api-typescript-code-samples
        codeSamplesRevisionDigest: sha256:e08f21e1c2304a5161ff0a28d3960be37bf9f8034d98c0d4386400de9e8f8e2a
workflow:
    workflowVersion: 1.0.0
    speakeasyVersion: latest
    sources:
        WoopSocial API:
            inputs:
                - location: ../../../externalapi/openapi/openapi.yaml
            output: .speakeasy/out.openapi.yaml
            registry:
                location: registry.speakeasyapi.dev/woopsocial/woopsocial/woop-social-api
    targets:
        woop-social:
            target: typescript
            source: WoopSocial API
            codeSamples:
                registry:
                    location: registry.speakeasyapi.dev/woopsocial/woopsocial/woop-social-api-typescript-code-samples
                labelOverride:
                    fixedValue: Typescript (SDK)
                blocking: false
