speakeasyVersion: 1.761.3
sources:
    WoopSocial API:
        sourceNamespace: woop-social-api
        sourceRevisionDigest: sha256:d1f902567db524cc0b9f2050be0506495f4b7a142c29f4158bb2d72067edce46
        sourceBlobDigest: sha256:b60a41e38cb37c93d25f3ab7a80256898ec98da0bc119751c8c2ad3be82802be
        tags:
            - latest
            - 1.0.0
targets:
    woop-social:
        source: WoopSocial API
        sourceNamespace: woop-social-api
        sourceRevisionDigest: sha256:d1f902567db524cc0b9f2050be0506495f4b7a142c29f4158bb2d72067edce46
        sourceBlobDigest: sha256:b60a41e38cb37c93d25f3ab7a80256898ec98da0bc119751c8c2ad3be82802be
        codeSamplesNamespace: woop-social-api-typescript-code-samples
        codeSamplesRevisionDigest: sha256:0d23cdbb65452c87710639aad4e361c13446f258759f325f6daa4a80e59c7d92
workflow:
    workflowVersion: 1.0.0
    speakeasyVersion: latest
    sources:
        WoopSocial API:
            inputs:
                - location: ../../../externalapi/openapi/openapi.yaml
            output: .speakeasy/out.openapi.yaml
            registry:
                location: registry.speakeasyapi.dev/woopsocial/woopsocial/woop-social-api
    targets:
        woop-social:
            target: typescript
            source: WoopSocial API
            codeSamples:
                registry:
                    location: registry.speakeasyapi.dev/woopsocial/woopsocial/woop-social-api-typescript-code-samples
                labelOverride:
                    fixedValue: Typescript (SDK)
                blocking: false
