speakeasyVersion: 1.761.4
sources:
    WoopSocial API:
        sourceNamespace: woop-social-api
        sourceRevisionDigest: sha256:4ad7e6281fac62d50a0aebda19fc685ceddd7ea83b8436192311cb565361c6f8
        sourceBlobDigest: sha256:9c27b76c55f0d3e66fd8ff53e0cdbafaf83f9a712da17e728933b0c413927a89
        tags:
            - latest
            - 1.0.0
targets:
    woop-social:
        source: WoopSocial API
        sourceNamespace: woop-social-api
        sourceRevisionDigest: sha256:4ad7e6281fac62d50a0aebda19fc685ceddd7ea83b8436192311cb565361c6f8
        sourceBlobDigest: sha256:9c27b76c55f0d3e66fd8ff53e0cdbafaf83f9a712da17e728933b0c413927a89
        codeSamplesNamespace: woop-social-api-typescript-code-samples
        codeSamplesRevisionDigest: sha256:003f42933878771ec28e839660e55f765e05540e073af7431e1b33ad5bd6bbb9
workflow:
    workflowVersion: 1.0.0
    speakeasyVersion: latest
    sources:
        WoopSocial API:
            inputs:
                - location: ../../../externalapi/openapi/openapi.yaml
            output: .speakeasy/out.openapi.yaml
            registry:
                location: registry.speakeasyapi.dev/woopsocial/woopsocial/woop-social-api
    targets:
        woop-social:
            target: typescript
            source: WoopSocial API
            codeSamples:
                registry:
                    location: registry.speakeasyapi.dev/woopsocial/woopsocial/woop-social-api-typescript-code-samples
                labelOverride:
                    fixedValue: Typescript (SDK)
                blocking: false
